{
  "name": "cyano-core-slider",
  "version": "0.1.0",
  "lockfileVersion": 1,
  "requires": true,
  "dependencies": {
    "hammerjs": {
      "version": "2.0.8",
      "resolved": "https://registry.npmjs.org/hammerjs/-/hammerjs-2.0.8.tgz",
      "integrity": "sha1-BO93hiz/K7edMPdpIJWTAiK/YPE="
    },
    "j2c": {
      "version": "1.0.0-4",
      "resolved": "https://registry.npmjs.org/j2c/-/j2c-1.0.0-4.tgz",
      "integrity": "sha1-ochbK4vE9xy4+LtT6LOW+j/YmfA=",
      "dev": true
    },
    "patchinko": {
      "version": "4.1.0",
      "resolved": "https://registry.npmjs.org/patchinko/-/patchinko-4.1.0.tgz",
      "integrity": "sha512-469ogc249b/nRygdGCgUZ5JeHOEWorc5Ty4KTUOJ4626jYfMK7IgZrBgCiosXhsmdkHKrbo4bIUVa3rVbAy8Cg=="
    }
  }
}
