{
	"name": "cyano-react-slider",
	"version": "0.1.0",
	"lockfileVersion": 1,
	"requires": true,
	"dependencies": {
		"cyano-react": {
			"version": "0.5.1",
			"resolved": "https://registry.npmjs.org/cyano-react/-/cyano-react-0.5.1.tgz",
			"integrity": "sha512-mKph7BAGpXLEVbqkvCNOUXidw7OuU/TtWMu3YVDeM+38m13zWYKsagh+3BrpgGLB75o4RaMEmFxtYSozOVtnYg==",
			"requires": {
				"react-hyperscript": "^3.2.0"
			}
		},
		"react-hyperscript": {
			"version": "3.2.0",
			"resolved": "https://registry.npmjs.org/react-hyperscript/-/react-hyperscript-3.2.0.tgz",
			"integrity": "sha512-kf9VmxwCNqAImT3uDrCPJ8H5XdNzfSLps9x0qgJCH6OUCBiGAy1m9wHpedfr7GSuFqowhkNwv4ZuC40k3E/zRQ=="
		}
	}
}
