{
  "name": "mithril-slider",
  "version": "1.1.1",
  "lockfileVersion": 1,
  "requires": true,
  "dependencies": {
    "hammerjs": {
      "version": "2.0.8",
      "resolved": "https://registry.npmjs.org/hammerjs/-/hammerjs-2.0.8.tgz",
      "integrity": "sha1-BO93hiz/K7edMPdpIJWTAiK/YPE="
    },
    "j2c": {
      "version": "1.0.0-4",
      "resolved": "https://registry.npmjs.org/j2c/-/j2c-1.0.0-4.tgz",
      "integrity": "sha1-ochbK4vE9xy4+LtT6LOW+j/YmfA=",
      "dev": true
    },
    "mithril": {
      "version": "2.0.0-rc.4",
      "resolved": "https://registry.npmjs.org/mithril/-/mithril-2.0.0-rc.4.tgz",
      "integrity": "sha512-Vea5rnb4Z7RUuQgB3/LSltZlYwR9dbuXwxTOlNyyfGu5FNC/FvfteR3Je5u95v8GGSgGN2mzmVrPXETOHOaOtA=="
    }
  }
}
