# THIS IS AN AUTOGENERATED FILE. DO NOT EDIT THIS FILE DIRECTLY.
# yarn lockfile v1


hammerjs@^2.0.8:
  version "2.0.8"
  resolved "https://registry.yarnpkg.com/hammerjs/-/hammerjs-2.0.8.tgz#04ef77862cff2bb79d30f7692095930222bf60f1"

j2c@1.0.0-4:
  version "1.0.0-4"
  resolved "https://registry.yarnpkg.com/j2c/-/j2c-1.0.0-4.tgz#a1c85b2b8bc4f71cb8f8bb53e8b396fa3fd899f0"

mithril@^1.1.1:
  version "1.1.1"
  resolved "https://registry.yarnpkg.com/mithril/-/mithril-1.1.1.tgz#0c98644c90503eec2187f66a851ba4053c4a5d66"
